
Microsoft Visual Studio Solution File, Format Version 12.00
# Visual Studio Version 16
VisualStudioVersion = 16.0.29613.14
MinimumVisualStudioVersion = 10.0.40219.1
Project("{FAE04EC0-301F-11D3-BF4B-00C04F79EFBC}") = "FairyLights", "FairyLights\FairyLights.csproj", "{CB719DF5-64AD-4F77-92C9-CED920281228}"
EndProject
Project("{FAE04EC0-301F-11D3-BF4B-00C04F79EFBC}") = "UnitTestProject", "UnitTestProject\UnitTestProject.csproj", "{495F8AFF-016C-4D38-B85E-1F08BD15C473}"
EndProject
Global
	GlobalSection(SolutionConfigurationPlatforms) = preSolution
		Debug|Any CPU = Debug|Any CPU
		Release|Any CPU = Release|Any CPU
	EndGlobalSection
	GlobalSection(ProjectConfigurationPlatforms) = postSolution
		{CB719DF5-64AD-4F77-92C9-CED920281228}.Debug|Any CPU.ActiveCfg = Debug|Any CPU
		{CB719DF5-64AD-4F77-92C9-CED920281228}.Debug|Any CPU.Build.0 = Debug|Any CPU
		{CB719DF5-64AD-4F77-92C9-CED920281228}.Release|Any CPU.ActiveCfg = Release|Any CPU
		{CB719DF5-64AD-4F77-92C9-CED920281228}.Release|Any CPU.Build.0 = Release|Any CPU
		{495F8AFF-016C-4D38-B85E-1F08BD15C473}.Debug|Any CPU.ActiveCfg = Debug|Any CPU
		{495F8AFF-016C-4D38-B85E-1F08BD15C473}.Debug|Any CPU.Build.0 = Debug|Any CPU
		{495F8AFF-016C-4D38-B85E-1F08BD15C473}.Release|Any CPU.ActiveCfg = Release|Any CPU
		{495F8AFF-016C-4D38-B85E-1F08BD15C473}.Release|Any CPU.Build.0 = Release|Any CPU
	EndGlobalSection
	GlobalSection(SolutionProperties) = preSolution
		HideSolutionNode = FALSE
	EndGlobalSection
	GlobalSection(ExtensibilityGlobals) = postSolution
		SolutionGuid = {7CD74B03-45B3-4418-8938-47FA3E5B73CF}
	EndGlobalSection
EndGlobal
